// !$*UTF8*$!
{
	archiveVersion = 1;
	classes = {
	};
	objectVersion = 56;
	objects = {

/* Begin PBXBuildFile section */
		FC0657CB2A09143200848296 /* AppDelegate.swift in Sources */ = {isa = PBXBuildFile; fileRef = FC0657CA2A09143200848296 /* AppDelegate.swift */; };
		FC0657CD2A09143200848296 /* SceneDelegate.swift in Sources */ = {isa = PBXBuildFile; fileRef = FC0657CC2A09143200848296 /* SceneDelegate.swift */; };
		FC0657CF2A09143200848296 /* HomeViewController.swift in Sources */ = {isa = PBXBuildFile; fileRef = FC0657CE2A09143200848296 /* HomeViewController.swift */; };
		FC0657D22A09143200848296 /* Main.storyboard in Resources */ = {isa = PBXBuildFile; fileRef = FC0657D02A09143200848296 /* Main.storyboard */; };
		FC0657D42A09143500848296 /* Assets.xcassets in Resources */ = {isa = PBXBuildFile; fileRef = FC0657D32A09143500848296 /* Assets.xcassets */; };
		FC0657D72A09143500848296 /* LaunchScreen.storyboard in Resources */ = {isa = PBXBuildFile; fileRef = FC0657D52A09143500848296 /* LaunchScreen.storyboard */; };
		FC2690C32A10B69A000F5219 /* WebKitViewController.swift in Sources */ = {isa = PBXBuildFile; fileRef = FC2690C22A10B69A000F5219 /* WebKitViewController.swift */; };
		FC2690C72A10D7D6000F5219 /* ForecastCollectionViewCell.swift in Sources */ = {isa = PBXBuildFile; fileRef = FC2690C62A10D7D6000F5219 /* ForecastCollectionViewCell.swift */; };
		FC5D07342A0926FF00343BA6 /* DetailViewController.swift in Sources */ = {isa = PBXBuildFile; fileRef = FC5D07332A0926FF00343BA6 /* DetailViewController.swift */; };
		FC6A677B2A0CB101002E2FB2 /* WeatherManager.swift in Sources */ = {isa = PBXBuildFile; fileRef = FC6A677A2A0CB101002E2FB2 /* WeatherManager.swift */; };
		FC6A677D2A0CB24A002E2FB2 /* WeatherModel.swift in Sources */ = {isa = PBXBuildFile; fileRef = FC6A677C2A0CB24A002E2FB2 /* WeatherModel.swift */; };
		FC6A677F2A0CB2D1002E2FB2 /* WeatherData.swift in Sources */ = {isa = PBXBuildFile; fileRef = FC6A677E2A0CB2D1002E2FB2 /* WeatherData.swift */; };
		FC7016E92A11F4F80088BA36 /* ForecastData.swift in Sources */ = {isa = PBXBuildFile; fileRef = FC7016E82A11F4F80088BA36 /* ForecastData.swift */; };
		FC7016ED2A11FE100088BA36 /* ForecastModel.swift in Sources */ = {isa = PBXBuildFile; fileRef = FC7016EC2A11FE100088BA36 /* ForecastModel.swift */; };
		FC701BC92A0DE7320059D55A /* City.swift in Sources */ = {isa = PBXBuildFile; fileRef = FC701BC82A0DE7320059D55A /* City.swift */; };
		FC72CF592A0E7C24008183B0 /* LocalStorageManager.swift in Sources */ = {isa = PBXBuildFile; fileRef = FC72CF582A0E7C24008183B0 /* LocalStorageManager.swift */; };
		FCDD600B2A09539A0022D833 /* MapViewController.swift in Sources */ = {isa = PBXBuildFile; fileRef = FCDD600A2A09539A0022D833 /* MapViewController.swift */; };
/* End PBXBuildFile section */

/* Begin PBXFileReference section */
		FC0657C72A09143200848296 /* open-weather.app */ = {isa = PBXFileReference; explicitFileType = wrapper.application; includeInIndex = 0; path = "open-weather.app"; sourceTree = BUILT_PRODUCTS_DIR; };
		FC0657CA2A09143200848296 /* AppDelegate.swift */ = {isa = PBXFileReference; lastKnownFileType = sourcecode.swift; path = AppDelegate.swift; sourceTree = "<group>"; };
		FC0657CC2A09143200848296 /* SceneDelegate.swift */ = {isa = PBXFileReference; lastKnownFileType = sourcecode.swift; path = SceneDelegate.swift; sourceTree = "<group>"; };
		FC0657CE2A09143200848296 /* HomeViewController.swift */ = {isa = PBXFileReference; lastKnownFileType = sourcecode.swift; path = HomeViewController.swift; sourceTree = "<group>"; };
		FC0657D12A09143200848296 /* Base */ = {isa = PBXFileReference; lastKnownFileType = file.storyboard; name = Base; path = Base.lproj/Main.storyboard; sourceTree = "<group>"; };
		FC0657D32A09143500848296 /* Assets.xcassets */ = {isa = PBXFileReference; lastKnownFileType = folder.assetcatalog; path = Assets.xcassets; sourceTree = "<group>"; };
		FC0657D62A09143500848296 /* Base */ = {isa = PBXFileReference; lastKnownFileType = file.storyboard; name = Base; path = Base.lproj/LaunchScreen.storyboard; sourceTree = "<group>"; };
		FC0657D82A09143500848296 /* Info.plist */ = {isa = PBXFileReference; lastKnownFileType = text.plist.xml; path = Info.plist; sourceTree = "<group>"; };
		FC2690C22A10B69A000F5219 /* WebKitViewController.swift */ = {isa = PBXFileReference; lastKnownFileType = sourcecode.swift; path = WebKitViewController.swift; sourceTree = "<group>"; };
		FC2690C62A10D7D6000F5219 /* ForecastCollectionViewCell.swift */ = {isa = PBXFileReference; lastKnownFileType = sourcecode.swift; path = ForecastCollectionViewCell.swift; sourceTree = "<group>"; };
		FC5D07332A0926FF00343BA6 /* DetailViewController.swift */ = {isa = PBXFileReference; lastKnownFileType = sourcecode.swift; path = DetailViewController.swift; sourceTree = "<group>"; };
		FC6A677A2A0CB101002E2FB2 /* WeatherManager.swift */ = {isa = PBXFileReference; lastKnownFileType = sourcecode.swift; path = WeatherManager.swift; sourceTree = "<group>"; };
		FC6A677C2A0CB24A002E2FB2 /* WeatherModel.swift */ = {isa = PBXFileReference; lastKnownFileType = sourcecode.swift; path = WeatherModel.swift; sourceTree = "<group>"; };
		FC6A677E2A0CB2D1002E2FB2 /* WeatherData.swift */ = {isa = PBXFileReference; lastKnownFileType = sourcecode.swift; path = WeatherData.swift; sourceTree = "<group>"; };
		FC7016E82A11F4F80088BA36 /* ForecastData.swift */ = {isa = PBXFileReference; lastKnownFileType = sourcecode.swift; path = ForecastData.swift; sourceTree = "<group>"; };
		FC7016EC2A11FE100088BA36 /* ForecastModel.swift */ = {isa = PBXFileReference; lastKnownFileType = sourcecode.swift; path = ForecastModel.swift; sourceTree = "<group>"; };
		FC701BC82A0DE7320059D55A /* City.swift */ = {isa = PBXFileReference; lastKnownFileType = sourcecode.swift; path = City.swift; sourceTree = "<group>"; };
		FC72CF582A0E7C24008183B0 /* LocalStorageManager.swift */ = {isa = PBXFileReference; lastKnownFileType = sourcecode.swift; path = LocalStorageManager.swift; sourceTree = "<group>"; };
		FCDD600A2A09539A0022D833 /* MapViewController.swift */ = {isa = PBXFileReference; lastKnownFileType = sourcecode.swift; path = MapViewController.swift; sourceTree = "<group>"; };
/* End PBXFileReference section */

/* Begin PBXFrameworksBuildPhase section */
		FC0657C42A09143200848296 /* Frameworks */ = {
			isa = PBXFrameworksBuildPhase;
			buildActionMask = 2147483647;
			files = (
			);
			runOnlyForDeploymentPostprocessing = 0;
		};
/* End PBXFrameworksBuildPhase section */

/* Begin PBXGroup section */
		FC0657BE2A09143200848296 = {
			isa = PBXGroup;
			children = (
				FC0657C92A09143200848296 /* open-weather */,
				FC0657C82A09143200848296 /* Products */,
			);
			sourceTree = "<group>";
		};
		FC0657C82A09143200848296 /* Products */ = {
			isa = PBXGroup;
			children = (
				FC0657C72A09143200848296 /* open-weather.app */,
			);
			name = Products;
			sourceTree = "<group>";
		};
		FC0657C92A09143200848296 /* open-weather */ = {
			isa = PBXGroup;
			children = (
				FC0657CA2A09143200848296 /* AppDelegate.swift */,
				FC0657CC2A09143200848296 /* SceneDelegate.swift */,
				FC6A67802A0CB5AB002E2FB2 /* Controller */,
				FC6A67792A0CB0E0002E2FB2 /* Model */,
				FC0657DE2A0922A600848296 /* View */,
				FC0657D02A09143200848296 /* Main.storyboard */,
				FC0657D32A09143500848296 /* Assets.xcassets */,
				FC0657D52A09143500848296 /* LaunchScreen.storyboard */,
				FC0657D82A09143500848296 /* Info.plist */,
			);
			path = "open-weather";
			sourceTree = "<group>";
		};
		FC0657DE2A0922A600848296 /* View */ = {
			isa = PBXGroup;
			children = (
				FC0657CE2A09143200848296 /* HomeViewController.swift */,
				FCDD600A2A09539A0022D833 /* MapViewController.swift */,
				FC5D07332A0926FF00343BA6 /* DetailViewController.swift */,
				FC2690C62A10D7D6000F5219 /* ForecastCollectionViewCell.swift */,
				FC2690C22A10B69A000F5219 /* WebKitViewController.swift */,
			);
			path = View;
			sourceTree = "<group>";
		};
		FC6A67792A0CB0E0002E2FB2 /* Model */ = {
			isa = PBXGroup;
			children = (
				FC7016EB2A11FDEC0088BA36 /* Forecast */,
				FC7016EA2A11FDCC0088BA36 /* Weather */,
				FC701BC82A0DE7320059D55A /* City.swift */,
			);
			path = Model;
			sourceTree = "<group>";
		};
		FC6A67802A0CB5AB002E2FB2 /* Controller */ = {
			isa = PBXGroup;
			children = (
				FC6A677A2A0CB101002E2FB2 /* WeatherManager.swift */,
				FC72CF582A0E7C24008183B0 /* LocalStorageManager.swift */,
			);
			path = Controller;
			sourceTree = "<group>";
		};
		FC7016EA2A11FDCC0088BA36 /* Weather */ = {
			isa = PBXGroup;
			children = (
				FC6A677E2A0CB2D1002E2FB2 /* WeatherData.swift */,
				FC6A677C2A0CB24A002E2FB2 /* WeatherModel.swift */,
			);
			path = Weather;
			sourceTree = "<group>";
		};
		FC7016EB2A11FDEC0088BA36 /* Forecast */ = {
			isa = PBXGroup;
			children = (
				FC7016EC2A11FE100088BA36 /* ForecastModel.swift */,
				FC7016E82A11F4F80088BA36 /* ForecastData.swift */,
			);
			path = Forecast;
			sourceTree = "<group>";
		};
/* End PBXGroup section */

/* Begin PBXNativeTarget section */
		FC0657C62A09143200848296 /* open-weather */ = {
			isa = PBXNativeTarget;
			buildConfigurationList = FC0657DB2A09143500848296 /* Build configuration list for PBXNativeTarget "open-weather" */;
			buildPhases = (
				FC0657C32A09143200848296 /* Sources */,
				FC0657C42A09143200848296 /* Frameworks */,
				FC0657C52A09143200848296 /* Resources */,
			);
			buildRules = (
			);
			dependencies = (
			);
			name = "open-weather";
			productName = "open-weather";
			productReference = FC0657C72A09143200848296 /* open-weather.app */;
			productType = "com.apple.product-type.application";
		};
/* End PBXNativeTarget section */

/* Begin PBXProject section */
		FC0657BF2A09143200848296 /* Project object */ = {
			isa = PBXProject;
			attributes = {
				BuildIndependentTargetsInParallel = 1;
				LastSwiftUpdateCheck = 1400;
				LastUpgradeCheck = 1400;
				TargetAttributes = {
					FC0657C62A09143200848296 = {
						CreatedOnToolsVersion = 14.0.1;
					};
				};
			};
			buildConfigurationList = FC0657C22A09143200848296 /* Build configuration list for PBXProject "open-weather" */;
			compatibilityVersion = "Xcode 14.0";
			developmentRegion = en;
			hasScannedForEncodings = 0;
			knownRegions = (
				en,
				Base,
			);
			mainGroup = FC0657BE2A09143200848296;
			productRefGroup = FC0657C82A09143200848296 /* Products */;
			projectDirPath = "";
			projectRoot = "";
			targets = (
				FC0657C62A09143200848296 /* open-weather */,
			);
		};
/* End PBXProject section */

/* Begin PBXResourcesBuildPhase section */
		FC0657C52A09143200848296 /* Resources */ = {
			isa = PBXResourcesBuildPhase;
			buildActionMask = 2147483647;
			files = (
				FC0657D72A09143500848296 /* LaunchScreen.storyboard in Resources */,
				FC0657D42A09143500848296 /* Assets.xcassets in Resources */,
				FC0657D22A09143200848296 /* Main.storyboard in Resources */,
			);
			runOnlyForDeploymentPostprocessing = 0;
		};
/* End PBXResourcesBuildPhase section */

/* Begin PBXSourcesBuildPhase section */
		FC0657C32A09143200848296 /* Sources */ = {
			isa = PBXSourcesBuildPhase;
			buildActionMask = 2147483647;
			files = (
				FCDD600B2A09539A0022D833 /* MapViewController.swift in Sources */,
				FC6A677B2A0CB101002E2FB2 /* WeatherManager.swift in Sources */,
				FC7016E92A11F4F80088BA36 /* ForecastData.swift in Sources */,
				FC2690C72A10D7D6000F5219 /* ForecastCollectionViewCell.swift in Sources */,
				FC0657CF2A09143200848296 /* HomeViewController.swift in Sources */,
				FC6A677D2A0CB24A002E2FB2 /* WeatherModel.swift in Sources */,
				FC7016ED2A11FE100088BA36 /* ForecastModel.swift in Sources */,
				FC5D07342A0926FF00343BA6 /* DetailViewController.swift in Sources */,
				FC2690C32A10B69A000F5219 /* WebKitViewController.swift in Sources */,
				FC0657CB2A09143200848296 /* AppDelegate.swift in Sources */,
				FC701BC92A0DE7320059D55A /* City.swift in Sources */,
				FC72CF592A0E7C24008183B0 /* LocalStorageManager.swift in Sources */,
				FC6A677F2A0CB2D1002E2FB2 /* WeatherData.swift in Sources */,
				FC0657CD2A09143200848296 /* SceneDelegate.swift in Sources */,
			);
			runOnlyForDeploymentPostprocessing = 0;
		};
/* End PBXSourcesBuildPhase section */

/* Begin PBXVariantGroup section */
		FC0657D02A09143200848296 /* Main.storyboard */ = {
			isa = PBXVariantGroup;
			children = (
				FC0657D12A09143200848296 /* Base */,
			);
			name = Main.storyboard;
			sourceTree = "<group>";
		};
		FC0657D52A09143500848296 /* LaunchScreen.storyboard */ = {
			isa = PBXVariantGroup;
			children = (
				FC0657D62A09143500848296 /* Base */,
			);
			name = LaunchScreen.storyboard;
			sourceTree = "<group>";
		};
/* End PBXVariantGroup section */

/* Begin XCBuildConfiguration section */
		FC0657D92A09143500848296 /* Debug */ = {
			isa = XCBuildConfiguration;
			buildSettings = {
				ALWAYS_SEARCH_USER_PATHS = NO;
				CLANG_ANALYZER_NONNULL = YES;
				CLANG_ANALYZER_NUMBER_OBJECT_CONVERSION = YES_AGGRESSIVE;
				CLANG_CXX_LANGUAGE_STANDARD = "gnu++20";
				CLANG_ENABLE_MODULES = YES;
				CLANG_ENABLE_OBJC_ARC = YES;
				CLANG_ENABLE_OBJC_WEAK = YES;
				CLANG_WARN_BLOCK_CAPTURE_AUTORELEASING = YES;
				CLANG_WARN_BOOL_CONVERSION = YES;
				CLANG_WARN_COMMA = YES;
				CLANG_WARN_CONSTANT_CONVERSION = YES;
				CLANG_WARN_DEPRECATED_OBJC_IMPLEMENTATIONS = YES;
				CLANG_WARN_DIRECT_OBJC_ISA_USAGE = YES_ERROR;
				CLANG_WARN_DOCUMENTATION_COMMENTS = YES;
				CLANG_WARN_EMPTY_BODY = YES;
				CLANG_WARN_ENUM_CONVERSION = YES;
				CLANG_WARN_INFINITE_RECURSION = YES;
				CLANG_WARN_INT_CONVERSION = YES;
				CLANG_WARN_NON_LITERAL_NULL_CONVERSION = YES;
				CLANG_WARN_OBJC_IMPLICIT_RETAIN_SELF = YES;
				CLANG_WARN_OBJC_LITERAL_CONVERSION = YES;
				CLANG_WARN_OBJC_ROOT_CLASS = YES_ERROR;
				CLANG_WARN_QUOTED_INCLUDE_IN_FRAMEWORK_HEADER = YES;
				CLANG_WARN_RANGE_LOOP_ANALYSIS = YES;
				CLANG_WARN_STRICT_PROTOTYPES = YES;
				CLANG_WARN_SUSPICIOUS_MOVE = YES;
				CLANG_WARN_UNGUARDED_AVAILABILITY = YES_AGGRESSIVE;
				CLANG_WARN_UNREACHABLE_CODE = YES;
				CLANG_WARN__DUPLICATE_METHOD_MATCH = YES;
				COPY_PHASE_STRIP = NO;
				DEBUG_INFORMATION_FORMAT = dwarf;
				ENABLE_STRICT_OBJC_MSGSEND = YES;
				ENABLE_TESTABILITY = YES;
				GCC_C_LANGUAGE_STANDARD = gnu11;
				GCC_DYNAMIC_NO_PIC = NO;
				GCC_NO_COMMON_BLOCKS = YES;
				GCC_OPTIMIZATION_LEVEL = 0;
				GCC_PREPROCESSOR_DEFINITIONS = (
					"DEBUG=1",
					"$(inherited)",
				);
				GCC_WARN_64_TO_32_BIT_CONVERSION = YES;
				GCC_WARN_ABOUT_RETURN_TYPE = YES_ERROR;
				GCC_WARN_UNDECLARED_SELECTOR = YES;
				GCC_WARN_UNINITIALIZED_AUTOS = YES_AGGRESSIVE;
				GCC_WARN_UNUSED_FUNCTION = YES;
				GCC_WARN_UNUSED_VARIABLE = YES;
				IPHONEOS_DEPLOYMENT_TARGET = 16.0;
				MTL_ENABLE_DEBUG_INFO = INCLUDE_SOURCE;
				MTL_FAST_MATH = YES;
				ONLY_ACTIVE_ARCH = YES;
				SDKROOT = iphoneos;
				SWIFT_ACTIVE_COMPILATION_CONDITIONS = DEBUG;
				SWIFT_OPTIMIZATION_LEVEL = "-Onone";
			};
			name = Debug;
		};
		FC0657DA2A09143500848296 /* Release */ = {
			isa = XCBuildConfiguration;
			buildSettings = {
				ALWAYS_SEARCH_USER_PATHS = NO;
				CLANG_ANALYZER_NONNULL = YES;
				CLANG_ANALYZER_NUMBER_OBJECT_CONVERSION = YES_AGGRESSIVE;
				CLANG_CXX_LANGUAGE_STANDARD = "gnu++20";
				CLANG_ENABLE_MODULES = YES;
				CLANG_ENABLE_OBJC_ARC = YES;
				CLANG_ENABLE_OBJC_WEAK = YES;
				CLANG_WARN_BLOCK_CAPTURE_AUTORELEASING = YES;
				CLANG_WARN_BOOL_CONVERSION = YES;
				CLANG_WARN_COMMA = YES;
				CLANG_WARN_CONSTANT_CONVERSION = YES;
				CLANG_WARN_DEPRECATED_OBJC_IMPLEMENTATIONS = YES;
				CLANG_WARN_DIRECT_OBJC_ISA_USAGE = YES_ERROR;
				CLANG_WARN_DOCUMENTATION_COMMENTS = YES;
				CLANG_WARN_EMPTY_BODY = YES;
				CLANG_WARN_ENUM_CONVERSION = YES;
				CLANG_WARN_INFINITE_RECURSION = YES;
				CLANG_WARN_INT_CONVERSION = YES;
				CLANG_WARN_NON_LITERAL_NULL_CONVERSION = YES;
				CLANG_WARN_OBJC_IMPLICIT_RETAIN_SELF = YES;
				CLANG_WARN_OBJC_LITERAL_CONVERSION = YES;
				CLANG_WARN_OBJC_ROOT_CLASS = YES_ERROR;
				CLANG_WARN_QUOTED_INCLUDE_IN_FRAMEWORK_HEADER = YES;
				CLANG_WARN_RANGE_LOOP_ANALYSIS = YES;
				CLANG_WARN_STRICT_PROTOTYPES = YES;
				CLANG_WARN_SUSPICIOUS_MOVE = YES;
				CLANG_WARN_UNGUARDED_AVAILABILITY = YES_AGGRESSIVE;
				CLANG_WARN_UNREACHABLE_CODE = YES;
				CLANG_WARN__DUPLICATE_METHOD_MATCH = YES;
				COPY_PHASE_STRIP = NO;
				DEBUG_INFORMATION_FORMAT = "dwarf-with-dsym";
				ENABLE_NS_ASSERTIONS = NO;
				ENABLE_STRICT_OBJC_MSGSEND = YES;
				GCC_C_LANGUAGE_STANDARD = gnu11;
				GCC_NO_COMMON_BLOCKS = YES;
				GCC_WARN_64_TO_32_BIT_CONVERSION = YES;
				GCC_WARN_ABOUT_RETURN_TYPE = YES_ERROR;
				GCC_WARN_UNDECLARED_SELECTOR = YES;
				GCC_WARN_UNINITIALIZED_AUTOS = YES_AGGRESSIVE;
				GCC_WARN_UNUSED_FUNCTION = YES;
				GCC_WARN_UNUSED_VARIABLE = YES;
				IPHONEOS_DEPLOYMENT_TARGET = 16.0;
				MTL_ENABLE_DEBUG_INFO = NO;
				MTL_FAST_MATH = YES;
				SDKROOT = iphoneos;
				SWIFT_COMPILATION_MODE = wholemodule;
				SWIFT_OPTIMIZATION_LEVEL = "-O";
				VALIDATE_PRODUCT = YES;
			};
			name = Release;
		};
		FC0657DC2A09143500848296 /* Debug */ = {
			isa = XCBuildConfiguration;
			buildSettings = {
				ASSETCATALOG_COMPILER_APPICON_NAME = AppIcon;
				ASSETCATALOG_COMPILER_GLOBAL_ACCENT_COLOR_NAME = AccentColor;
				CODE_SIGN_STYLE = Automatic;
				CURRENT_PROJECT_VERSION = 1;
				GENERATE_INFOPLIST_FILE = YES;
				INFOPLIST_FILE = "open-weather/Info.plist";
				INFOPLIST_KEY_LSApplicationCategoryType = "public.app-category.weather";
				INFOPLIST_KEY_UIApplicationSupportsIndirectInputEvents = YES;
				INFOPLIST_KEY_UILaunchStoryboardName = LaunchScreen;
				INFOPLIST_KEY_UIMainStoryboardFile = Main;
				INFOPLIST_KEY_UISupportedInterfaceOrientations_iPad = "UIInterfaceOrientationPortrait UIInterfaceOrientationPortraitUpsideDown UIInterfaceOrientationLandscapeLeft UIInterfaceOrientationLandscapeRight";
				INFOPLIST_KEY_UISupportedInterfaceOrientations_iPhone = "UIInterfaceOrientationPortrait UIInterfaceOrientationLandscapeLeft UIInterfaceOrientationLandscapeRight";
				IPHONEOS_DEPLOYMENT_TARGET = 13.0;
				LD_RUNPATH_SEARCH_PATHS = (
					"$(inherited)",
					"@executable_path/Frameworks",
				);
				MARKETING_VERSION = 1.0;
				PRODUCT_BUNDLE_IDENTIFIER = "com.manukudur.open-weather";
				PRODUCT_NAME = "$(TARGET_NAME)";
				SWIFT_EMIT_LOC_STRINGS = YES;
				SWIFT_VERSION = 5.0;
				TARGETED_DEVICE_FAMILY = "1,2";
			};
			name = Debug;
		};
		FC0657DD2A09143500848296 /* Release */ = {
			isa = XCBuildConfiguration;
			buildSettings = {
				ASSETCATALOG_COMPILER_APPICON_NAME = AppIcon;
				ASSETCATALOG_COMPILER_GLOBAL_ACCENT_COLOR_NAME = AccentColor;
				CODE_SIGN_STYLE = Automatic;
				CURRENT_PROJECT_VERSION = 1;
				GENERATE_INFOPLIST_FILE = YES;
				INFOPLIST_FILE = "open-weather/Info.plist";
				INFOPLIST_KEY_LSApplicationCategoryType = "public.app-category.weather";
				INFOPLIST_KEY_UIApplicationSupportsIndirectInputEvents = YES;
				INFOPLIST_KEY_UILaunchStoryboardName = LaunchScreen;
				INFOPLIST_KEY_UIMainStoryboardFile = Main;
				INFOPLIST_KEY_UISupportedInterfaceOrientations_iPad = "UIInterfaceOrientationPortrait UIInterfaceOrientationPortraitUpsideDown UIInterfaceOrientationLandscapeLeft UIInterfaceOrientationLandscapeRight";
				INFOPLIST_KEY_UISupportedInterfaceOrientations_iPhone = "UIInterfaceOrientationPortrait UIInterfaceOrientationLandscapeLeft UIInterfaceOrientationLandscapeRight";
				IPHONEOS_DEPLOYMENT_TARGET = 13.0;
				LD_RUNPATH_SEARCH_PATHS = (
					"$(inherited)",
					"@executable_path/Frameworks",
				);
				MARKETING_VERSION = 1.0;
				PRODUCT_BUNDLE_IDENTIFIER = "com.manukudur.open-weather";
				PRODUCT_NAME = "$(TARGET_NAME)";
				SWIFT_EMIT_LOC_STRINGS = YES;
				SWIFT_VERSION = 5.0;
				TARGETED_DEVICE_FAMILY = "1,2";
			};
			name = Release;
		};
/* End XCBuildConfiguration section */

/* Begin XCConfigurationList section */
		FC0657C22A09143200848296 /* Build configuration list for PBXProject "open-weather" */ = {
			isa = XCConfigurationList;
			buildConfigurations = (
				FC0657D92A09143500848296 /* Debug */,
				FC0657DA2A09143500848296 /* Release */,
			);
			defaultConfigurationIsVisible = 0;
			defaultConfigurationName = Release;
		};
		FC0657DB2A09143500848296 /* Build configuration list for PBXNativeTarget "open-weather" */ = {
			isa = XCConfigurationList;
			buildConfigurations = (
				FC0657DC2A09143500848296 /* Debug */,
				FC0657DD2A09143500848296 /* Release */,
			);
			defaultConfigurationIsVisible = 0;
			defaultConfigurationName = Release;
		};
/* End XCConfigurationList section */
	};
	rootObject = FC0657BF2A09143200848296 /* Project object */;
}
